// !$*UTF8*$!
{
	archiveVersion = 1;
	classes = {
	};
	objectVersion = 50;
	objects = {

/* Begin PBXBuildFile section */
		C14280D426E778CB00D7AF10 /* AppDelegate.swift in Sources */ = {isa = PBXBuildFile; fileRef = C14280D326E778CB00D7AF10 /* AppDelegate.swift */; };
		C14280D626E778CB00D7AF10 /* SceneDelegate.swift in Sources */ = {isa = PBXBuildFile; fileRef = C14280D526E778CB00D7AF10 /* SceneDelegate.swift */; };
		C14280D826E778CB00D7AF10 /* ViewController.swift in Sources */ = {isa = PBXBuildFile; fileRef = C14280D726E778CB00D7AF10 /* ViewController.swift */; };
		C14280DB26E778CB00D7AF10 /* Main.storyboard in Resources */ = {isa = PBXBuildFile; fileRef = C14280D926E778CB00D7AF10 /* Main.storyboard */; };
		C14280DD26E778D100D7AF10 /* Assets.xcassets in Resources */ = {isa = PBXBuildFile; fileRef = C14280DC26E778D100D7AF10 /* Assets.xcassets */; };
		C14280E026E778D100D7AF10 /* LaunchScreen.storyboard in Resources */ = {isa = PBXBuildFile; fileRef = C14280DE26E778D100D7AF10 /* LaunchScreen.storyboard */; };
		C14280EB26E77BC200D7AF10 /* MenuListCollectionViewCell.swift in Sources */ = {isa = PBXBuildFile; fileRef = C14280EA26E77BC200D7AF10 /* MenuListCollectionViewCell.swift */; };
/* End PBXBuildFile section */

/* Begin PBXFileReference section */
		C14280D026E778CB00D7AF10 /* HomeScreen-GridList.app */ = {isa = PBXFileReference; explicitFileType = wrapper.application; includeInIndex = 0; path = "HomeScreen-GridList.app"; sourceTree = BUILT_PRODUCTS_DIR; };
		C14280D326E778CB00D7AF10 /* AppDelegate.swift */ = {isa = PBXFileReference; lastKnownFileType = sourcecode.swift; path = AppDelegate.swift; sourceTree = "<group>"; };
		C14280D526E778CB00D7AF10 /* SceneDelegate.swift */ = {isa = PBXFileReference; lastKnownFileType = sourcecode.swift; path = SceneDelegate.swift; sourceTree = "<group>"; };
		C14280D726E778CB00D7AF10 /* ViewController.swift */ = {isa = PBXFileReference; lastKnownFileType = sourcecode.swift; path = ViewController.swift; sourceTree = "<group>"; };
		C14280DA26E778CB00D7AF10 /* Base */ = {isa = PBXFileReference; lastKnownFileType = file.storyboard; name = Base; path = Base.lproj/Main.storyboard; sourceTree = "<group>"; };
		C14280DC26E778D100D7AF10 /* Assets.xcassets */ = {isa = PBXFileReference; lastKnownFileType = folder.assetcatalog; path = Assets.xcassets; sourceTree = "<group>"; };
		C14280DF26E778D100D7AF10 /* Base */ = {isa = PBXFileReference; lastKnownFileType = file.storyboard; name = Base; path = Base.lproj/LaunchScreen.storyboard; sourceTree = "<group>"; };
		C14280E126E778D100D7AF10 /* Info.plist */ = {isa = PBXFileReference; lastKnownFileType = text.plist.xml; path = Info.plist; sourceTree = "<group>"; };
		C14280EA26E77BC200D7AF10 /* MenuListCollectionViewCell.swift */ = {isa = PBXFileReference; lastKnownFileType = sourcecode.swift; path = MenuListCollectionViewCell.swift; sourceTree = "<group>"; };
/* End PBXFileReference section */

/* Begin PBXFrameworksBuildPhase section */
		C14280CD26E778CB00D7AF10 /* Frameworks */ = {
			isa = PBXFrameworksBuildPhase;
			buildActionMask = 2147483647;
			files = (
			);
			runOnlyForDeploymentPostprocessing = 0;
		};
/* End PBXFrameworksBuildPhase section */

/* Begin PBXGroup section */
		C14280C726E778CB00D7AF10 = {
			isa = PBXGroup;
			children = (
				C14280D226E778CB00D7AF10 /* HomeScreen-GridList */,
				C14280D126E778CB00D7AF10 /* Products */,
			);
			sourceTree = "<group>";
		};
		C14280D126E778CB00D7AF10 /* Products */ = {
			isa = PBXGroup;
			children = (
				C14280D026E778CB00D7AF10 /* HomeScreen-GridList.app */,
			);
			name = Products;
			sourceTree = "<group>";
		};
		C14280D226E778CB00D7AF10 /* HomeScreen-GridList */ = {
			isa = PBXGroup;
			children = (
				C14280D326E778CB00D7AF10 /* AppDelegate.swift */,
				C14280D526E778CB00D7AF10 /* SceneDelegate.swift */,
				C14280D726E778CB00D7AF10 /* ViewController.swift */,
				C14280EA26E77BC200D7AF10 /* MenuListCollectionViewCell.swift */,
				C14280D926E778CB00D7AF10 /* Main.storyboard */,
				C14280DC26E778D100D7AF10 /* Assets.xcassets */,
				C14280DE26E778D100D7AF10 /* LaunchScreen.storyboard */,
				C14280E126E778D100D7AF10 /* Info.plist */,
			);
			path = "HomeScreen-GridList";
			sourceTree = "<group>";
		};
/* End PBXGroup section */

/* Begin PBXNativeTarget section */
		C14280CF26E778CB00D7AF10 /* HomeScreen-GridList */ = {
			isa = PBXNativeTarget;
			buildConfigurationList = C14280E426E778D100D7AF10 /* Build configuration list for PBXNativeTarget "HomeScreen-GridList" */;
			buildPhases = (
				C14280CC26E778CB00D7AF10 /* Sources */,
				C14280CD26E778CB00D7AF10 /* Frameworks */,
				C14280CE26E778CB00D7AF10 /* Resources */,
			);
			buildRules = (
			);
			dependencies = (
			);
			name = "HomeScreen-GridList";
			productName = "HomeScreen-GridList";
			productReference = C14280D026E778CB00D7AF10 /* HomeScreen-GridList.app */;
			productType = "com.apple.product-type.application";
		};
/* End PBXNativeTarget section */

/* Begin PBXProject section */
		C14280C826E778CB00D7AF10 /* Project object */ = {
			isa = PBXProject;
			attributes = {
				LastSwiftUpdateCheck = 1240;
				LastUpgradeCheck = 1240;
				TargetAttributes = {
					C14280CF26E778CB00D7AF10 = {
						CreatedOnToolsVersion = 12.4;
					};
				};
			};
			buildConfigurationList = C14280CB26E778CB00D7AF10 /* Build configuration list for PBXProject "HomeScreen-GridList" */;
			compatibilityVersion = "Xcode 9.3";
			developmentRegion = en;
			hasScannedForEncodings = 0;
			knownRegions = (
				en,
				Base,
			);
			mainGroup = C14280C726E778CB00D7AF10;
			productRefGroup = C14280D126E778CB00D7AF10 /* Products */;
			projectDirPath = "";
			projectRoot = "";
			targets = (
				C14280CF26E778CB00D7AF10 /* HomeScreen-GridList */,
			);
		};
/* End PBXProject section */

/* Begin PBXResourcesBuildPhase section */
		C14280CE26E778CB00D7AF10 /* Resources */ = {
			isa = PBXResourcesBuildPhase;
			buildActionMask = 2147483647;
			files = (
				C14280E026E778D100D7AF10 /* LaunchScreen.storyboard in Resources */,
				C14280DD26E778D100D7AF10 /* Assets.xcassets in Resources */,
				C14280DB26E778CB00D7AF10 /* Main.storyboard in Resources */,
			);
			runOnlyForDeploymentPostprocessing = 0;
		};
/* End PBXResourcesBuildPhase section */

/* Begin PBXSourcesBuildPhase section */
		C14280CC26E778CB00D7AF10 /* Sources */ = {
			isa = PBXSourcesBuildPhase;
			buildActionMask = 2147483647;
			files = (
				C14280D826E778CB00D7AF10 /* ViewController.swift in Sources */,
				C14280D426E778CB00D7AF10 /* AppDelegate.swift in Sources */,
				C14280EB26E77BC200D7AF10 /* MenuListCollectionViewCell.swift in Sources */,
				C14280D626E778CB00D7AF10 /* SceneDelegate.swift in Sources */,
			);
			runOnlyForDeploymentPostprocessing = 0;
		};
/* End PBXSourcesBuildPhase section */

/* Begin PBXVariantGroup section */
		C14280D926E778CB00D7AF10 /* Main.storyboard */ = {
			isa = PBXVariantGroup;
			children = (
				C14280DA26E778CB00D7AF10 /* Base */,
			);
			name = Main.storyboard;
			sourceTree = "<group>";
		};
		C14280DE26E778D100D7AF10 /* LaunchScreen.storyboard */ = {
			isa = PBXVariantGroup;
			children = (
				C14280DF26E778D100D7AF10 /* Base */,
			);
			name = LaunchScreen.storyboard;
			sourceTree = "<group>";
		};
/* End PBXVariantGroup section */

/* Begin XCBuildConfiguration section */
		C14280E226E778D100D7AF10 /* Debug */ = {
			isa = XCBuildConfiguration;
			buildSettings = {
				ALWAYS_SEARCH_USER_PATHS = NO;
				CLANG_ANALYZER_NONNULL = YES;
				CLANG_ANALYZER_NUMBER_OBJECT_CONVERSION = YES_AGGRESSIVE;
				CLANG_CXX_LANGUAGE_STANDARD = "gnu++14";
				CLANG_CXX_LIBRARY = "libc++";
				CLANG_ENABLE_MODULES = YES;
				CLANG_ENABLE_OBJC_ARC = YES;
				CLANG_ENABLE_OBJC_WEAK = YES;
				CLANG_WARN_BLOCK_CAPTURE_AUTORELEASING = YES;
				CLANG_WARN_BOOL_CONVERSION = YES;
				CLANG_WARN_COMMA = YES;
				CLANG_WARN_CONSTANT_CONVERSION = YES;
				CLANG_WARN_DEPRECATED_OBJC_IMPLEMENTATIONS = YES;
				CLANG_WARN_DIRECT_OBJC_ISA_USAGE = YES_ERROR;
				CLANG_WARN_DOCUMENTATION_COMMENTS = YES;
				CLANG_WARN_EMPTY_BODY = YES;
				CLANG_WARN_ENUM_CONVERSION = YES;
				CLANG_WARN_INFINITE_RECURSION = YES;
				CLANG_WARN_INT_CONVERSION = YES;
				CLANG_WARN_NON_LITERAL_NULL_CONVERSION = YES;
				CLANG_WARN_OBJC_IMPLICIT_RETAIN_SELF = YES;
				CLANG_WARN_OBJC_LITERAL_CONVERSION = YES;
				CLANG_WARN_OBJC_ROOT_CLASS = YES_ERROR;
				CLANG_WARN_QUOTED_INCLUDE_IN_FRAMEWORK_HEADER = YES;
				CLANG_WARN_RANGE_LOOP_ANALYSIS = YES;
				CLANG_WARN_STRICT_PROTOTYPES = YES;
				CLANG_WARN_SUSPICIOUS_MOVE = YES;
				CLANG_WARN_UNGUARDED_AVAILABILITY = YES_AGGRESSIVE;
				CLANG_WARN_UNREACHABLE_CODE = YES;
				CLANG_WARN__DUPLICATE_METHOD_MATCH = YES;
				COPY_PHASE_STRIP = NO;
				DEBUG_INFORMATION_FORMAT = dwarf;
				ENABLE_STRICT_OBJC_MSGSEND = YES;
				ENABLE_TESTABILITY = YES;
				GCC_C_LANGUAGE_STANDARD = gnu11;
				GCC_DYNAMIC_NO_PIC = NO;
				GCC_NO_COMMON_BLOCKS = YES;
				GCC_OPTIMIZATION_LEVEL = 0;
				GCC_PREPROCESSOR_DEFINITIONS = (
					"DEBUG=1",
					"$(inherited)",
				);
				GCC_WARN_64_TO_32_BIT_CONVERSION = YES;
				GCC_WARN_ABOUT_RETURN_TYPE = YES_ERROR;
				GCC_WARN_UNDECLARED_SELECTOR = YES;
				GCC_WARN_UNINITIALIZED_AUTOS = YES_AGGRESSIVE;
				GCC_WARN_UNUSED_FUNCTION = YES;
				GCC_WARN_UNUSED_VARIABLE = YES;
				IPHONEOS_DEPLOYMENT_TARGET = 14.4;
				MTL_ENABLE_DEBUG_INFO = INCLUDE_SOURCE;
				MTL_FAST_MATH = YES;
				ONLY_ACTIVE_ARCH = YES;
				SDKROOT = iphoneos;
				SWIFT_ACTIVE_COMPILATION_CONDITIONS = DEBUG;
				SWIFT_OPTIMIZATION_LEVEL = "-Onone";
			};
			name = Debug;
		};
		C14280E326E778D100D7AF10 /* Release */ = {
			isa = XCBuildConfiguration;
			buildSettings = {
				ALWAYS_SEARCH_USER_PATHS = NO;
				CLANG_ANALYZER_NONNULL = YES;
				CLANG_ANALYZER_NUMBER_OBJECT_CONVERSION = YES_AGGRESSIVE;
				CLANG_CXX_LANGUAGE_STANDARD = "gnu++14";
				CLANG_CXX_LIBRARY = "libc++";
				CLANG_ENABLE_MODULES = YES;
				CLANG_ENABLE_OBJC_ARC = YES;
				CLANG_ENABLE_OBJC_WEAK = YES;
				CLANG_WARN_BLOCK_CAPTURE_AUTORELEASING = YES;
				CLANG_WARN_BOOL_CONVERSION = YES;
				CLANG_WARN_COMMA = YES;
				CLANG_WARN_CONSTANT_CONVERSION = YES;
				CLANG_WARN_DEPRECATED_OBJC_IMPLEMENTATIONS = YES;
				CLANG_WARN_DIRECT_OBJC_ISA_USAGE = YES_ERROR;
				CLANG_WARN_DOCUMENTATION_COMMENTS = YES;
				CLANG_WARN_EMPTY_BODY = YES;
				CLANG_WARN_ENUM_CONVERSION = YES;
				CLANG_WARN_INFINITE_RECURSION = YES;
				CLANG_WARN_INT_CONVERSION = YES;
				CLANG_WARN_NON_LITERAL_NULL_CONVERSION = YES;
				CLANG_WARN_OBJC_IMPLICIT_RETAIN_SELF = YES;
				CLANG_WARN_OBJC_LITERAL_CONVERSION = YES;
				CLANG_WARN_OBJC_ROOT_CLASS = YES_ERROR;
				CLANG_WARN_QUOTED_INCLUDE_IN_FRAMEWORK_HEADER = YES;
				CLANG_WARN_RANGE_LOOP_ANALYSIS = YES;
				CLANG_WARN_STRICT_PROTOTYPES = YES;
				CLANG_WARN_SUSPICIOUS_MOVE = YES;
				CLANG_WARN_UNGUARDED_AVAILABILITY = YES_AGGRESSIVE;
				CLANG_WARN_UNREACHABLE_CODE = YES;
				CLANG_WARN__DUPLICATE_METHOD_MATCH = YES;
				COPY_PHASE_STRIP = NO;
				DEBUG_INFORMATION_FORMAT = "dwarf-with-dsym";
				ENABLE_NS_ASSERTIONS = NO;
				ENABLE_STRICT_OBJC_MSGSEND = YES;
				GCC_C_LANGUAGE_STANDARD = gnu11;
				GCC_NO_COMMON_BLOCKS = YES;
				GCC_WARN_64_TO_32_BIT_CONVERSION = YES;
				GCC_WARN_ABOUT_RETURN_TYPE = YES_ERROR;
				GCC_WARN_UNDECLARED_SELECTOR = YES;
				GCC_WARN_UNINITIALIZED_AUTOS = YES_AGGRESSIVE;
				GCC_WARN_UNUSED_FUNCTION = YES;
				GCC_WARN_UNUSED_VARIABLE = YES;
				IPHONEOS_DEPLOYMENT_TARGET = 14.4;
				MTL_ENABLE_DEBUG_INFO = NO;
				MTL_FAST_MATH = YES;
				SDKROOT = iphoneos;
				SWIFT_COMPILATION_MODE = wholemodule;
				SWIFT_OPTIMIZATION_LEVEL = "-O";
				VALIDATE_PRODUCT = YES;
			};
			name = Release;
		};
		C14280E526E778D100D7AF10 /* Debug */ = {
			isa = XCBuildConfiguration;
			buildSettings = {
				ASSETCATALOG_COMPILER_APPICON_NAME = AppIcon;
				ASSETCATALOG_COMPILER_GLOBAL_ACCENT_COLOR_NAME = AccentColor;
				CODE_SIGN_STYLE = Automatic;
				DEVELOPMENT_TEAM = LR4QG85CZD;
				INFOPLIST_FILE = "HomeScreen-GridList/Info.plist";
				LD_RUNPATH_SEARCH_PATHS = (
					"$(inherited)",
					"@executable_path/Frameworks",
				);
				PRODUCT_BUNDLE_IDENTIFIER = "mallikarjun.HomeScreen-GridList";
				PRODUCT_NAME = "$(TARGET_NAME)";
				SWIFT_VERSION = 5.0;
				TARGETED_DEVICE_FAMILY = 1;
			};
			name = Debug;
		};
		C14280E626E778D100D7AF10 /* Release */ = {
			isa = XCBuildConfiguration;
			buildSettings = {
				ASSETCATALOG_COMPILER_APPICON_NAME = AppIcon;
				ASSETCATALOG_COMPILER_GLOBAL_ACCENT_COLOR_NAME = AccentColor;
				CODE_SIGN_STYLE = Automatic;
				DEVELOPMENT_TEAM = LR4QG85CZD;
				INFOPLIST_FILE = "HomeScreen-GridList/Info.plist";
				LD_RUNPATH_SEARCH_PATHS = (
					"$(inherited)",
					"@executable_path/Frameworks",
				);
				PRODUCT_BUNDLE_IDENTIFIER = "mallikarjun.HomeScreen-GridList";
				PRODUCT_NAME = "$(TARGET_NAME)";
				SWIFT_VERSION = 5.0;
				TARGETED_DEVICE_FAMILY = 1;
			};
			name = Release;
		};
/* End XCBuildConfiguration section */

/* Begin XCConfigurationList section */
		C14280CB26E778CB00D7AF10 /* Build configuration list for PBXProject "HomeScreen-GridList" */ = {
			isa = XCConfigurationList;
			buildConfigurations = (
				C14280E226E778D100D7AF10 /* Debug */,
				C14280E326E778D100D7AF10 /* Release */,
			);
			defaultConfigurationIsVisible = 0;
			defaultConfigurationName = Release;
		};
		C14280E426E778D100D7AF10 /* Build configuration list for PBXNativeTarget "HomeScreen-GridList" */ = {
			isa = XCConfigurationList;
			buildConfigurations = (
				C14280E526E778D100D7AF10 /* Debug */,
				C14280E626E778D100D7AF10 /* Release */,
			);
			defaultConfigurationIsVisible = 0;
			defaultConfigurationName = Release;
		};
/* End XCConfigurationList section */
	};
	rootObject = C14280C826E778CB00D7AF10 /* Project object */;
}
